// !$*UTF8*$!
{
	archiveVersion = 1;
	classes = {
	};
	objectVersion = 46;
	objects = {

/* Begin PBXBuildFile section */
		824F3B081EDE2AF3000FC8CC /* AppDelegate.swift in Sources */ = {isa = PBXBuildFile; fileRef = 824F3B071EDE2AF3000FC8CC /* AppDelegate.swift */; };
		824F3B0A1EDE2AF3000FC8CC /* ViewController.swift in Sources */ = {isa = PBXBuildFile; fileRef = 824F3B091EDE2AF3000FC8CC /* ViewController.swift */; };
		824F3B0D1EDE2AF3000FC8CC /* Main.storyboard in Resources */ = {isa = PBXBuildFile; fileRef = 824F3B0B1EDE2AF3000FC8CC /* Main.storyboard */; };
		824F3B101EDE2AF3000FC8CC /* HitList.xcdatamodeld in Sources */ = {isa = PBXBuildFile; fileRef = 824F3B0E1EDE2AF3000FC8CC /* HitList.xcdatamodeld */; };
		824F3B121EDE2AF3000FC8CC /* Assets.xcassets in Resources */ = {isa = PBXBuildFile; fileRef = 824F3B111EDE2AF3000FC8CC /* Assets.xcassets */; };
		824F3B151EDE2AF3000FC8CC /* LaunchScreen.storyboard in Resources */ = {isa = PBXBuildFile; fileRef = 824F3B131EDE2AF3000FC8CC /* LaunchScreen.storyboard */; };
/* End PBXBuildFile section */

/* Begin PBXFileReference section */
		824F3B041EDE2AF3000FC8CC /* HitList.app */ = {isa = PBXFileReference; explicitFileType = wrapper.application; includeInIndex = 0; path = HitList.app; sourceTree = BUILT_PRODUCTS_DIR; };
		824F3B071EDE2AF3000FC8CC /* AppDelegate.swift */ = {isa = PBXFileReference; lastKnownFileType = sourcecode.swift; path = AppDelegate.swift; sourceTree = "<group>"; };
		824F3B091EDE2AF3000FC8CC /* ViewController.swift */ = {isa = PBXFileReference; lastKnownFileType = sourcecode.swift; path = ViewController.swift; sourceTree = "<group>"; };
		824F3B0C1EDE2AF3000FC8CC /* Base */ = {isa = PBXFileReference; lastKnownFileType = file.storyboard; name = Base; path = Base.lproj/Main.storyboard; sourceTree = "<group>"; };
		824F3B0F1EDE2AF3000FC8CC /* HitList.xcdatamodel */ = {isa = PBXFileReference; lastKnownFileType = wrapper.xcdatamodel; path = HitList.xcdatamodel; sourceTree = "<group>"; };
		824F3B111EDE2AF3000FC8CC /* Assets.xcassets */ = {isa = PBXFileReference; lastKnownFileType = folder.assetcatalog; path = Assets.xcassets; sourceTree = "<group>"; };
		824F3B141EDE2AF3000FC8CC /* Base */ = {isa = PBXFileReference; lastKnownFileType = file.storyboard; name = Base; path = Base.lproj/LaunchScreen.storyboard; sourceTree = "<group>"; };
		824F3B161EDE2AF3000FC8CC /* Info.plist */ = {isa = PBXFileReference; lastKnownFileType = text.plist.xml; path = Info.plist; sourceTree = "<group>"; };
/* End PBXFileReference section */

/* Begin PBXFrameworksBuildPhase section */
		824F3B011EDE2AF3000FC8CC /* Frameworks */ = {
			isa = PBXFrameworksBuildPhase;
			buildActionMask = 2147483647;
			files = (
			);
			runOnlyForDeploymentPostprocessing = 0;
		};
/* End PBXFrameworksBuildPhase section */

/* Begin PBXGroup section */
		824F3AFB1EDE2AF2000FC8CC = {
			isa = PBXGroup;
			children = (
				824F3B061EDE2AF3000FC8CC /* HitList */,
				824F3B051EDE2AF3000FC8CC /* Products */,
			);
			sourceTree = "<group>";
		};
		824F3B051EDE2AF3000FC8CC /* Products */ = {
			isa = PBXGroup;
			children = (
				824F3B041EDE2AF3000FC8CC /* HitList.app */,
			);
			name = Products;
			sourceTree = "<group>";
		};
		824F3B061EDE2AF3000FC8CC /* HitList */ = {
			isa = PBXGroup;
			children = (
				824F3B071EDE2AF3000FC8CC /* AppDelegate.swift */,
				824F3B091EDE2AF3000FC8CC /* ViewController.swift */,
				824F3B0B1EDE2AF3000FC8CC /* Main.storyboard */,
				824F3B111EDE2AF3000FC8CC /* Assets.xcassets */,
				824F3B131EDE2AF3000FC8CC /* LaunchScreen.storyboard */,
				824F3B161EDE2AF3000FC8CC /* Info.plist */,
				824F3B0E1EDE2AF3000FC8CC /* HitList.xcdatamodeld */,
			);
			path = HitList;
			sourceTree = "<group>";
		};
/* End PBXGroup section */

/* Begin PBXNativeTarget section */
		824F3B031EDE2AF3000FC8CC /* HitList */ = {
			isa = PBXNativeTarget;
			buildConfigurationList = 824F3B191EDE2AF3000FC8CC /* Build configuration list for PBXNativeTarget "HitList" */;
			buildPhases = (
				824F3B001EDE2AF3000FC8CC /* Sources */,
				824F3B011EDE2AF3000FC8CC /* Frameworks */,
				824F3B021EDE2AF3000FC8CC /* Resources */,
			);
			buildRules = (
			);
			dependencies = (
			);
			name = HitList;
			productName = HitList;
			productReference = 824F3B041EDE2AF3000FC8CC /* HitList.app */;
			productType = "com.apple.product-type.application";
		};
/* End PBXNativeTarget section */

/* Begin PBXProject section */
		824F3AFC1EDE2AF2000FC8CC /* Project object */ = {
			isa = PBXProject;
			attributes = {
				LastSwiftUpdateCheck = 0830;
				LastUpgradeCheck = 0830;
				ORGANIZATIONNAME = "Taylor Simpson";
				TargetAttributes = {
					824F3B031EDE2AF3000FC8CC = {
						CreatedOnToolsVersion = 8.3.2;
						DevelopmentTeam = TR2MLK3WQ4;
						ProvisioningStyle = Automatic;
					};
				};
			};
			buildConfigurationList = 824F3AFF1EDE2AF2000FC8CC /* Build configuration list for PBXProject "HitList" */;
			compatibilityVersion = "Xcode 3.2";
			developmentRegion = English;
			hasScannedForEncodings = 0;
			knownRegions = (
				en,
				Base,
			);
			mainGroup = 824F3AFB1EDE2AF2000FC8CC;
			productRefGroup = 824F3B051EDE2AF3000FC8CC /* Products */;
			projectDirPath = "";
			projectRoot = "";
			targets = (
				824F3B031EDE2AF3000FC8CC /* HitList */,
			);
		};
/* End PBXProject section */

/* Begin PBXResourcesBuildPhase section */
		824F3B021EDE2AF3000FC8CC /* Resources */ = {
			isa = PBXResourcesBuildPhase;
			buildActionMask = 2147483647;
			files = (
				824F3B151EDE2AF3000FC8CC /* LaunchScreen.storyboard in Resources */,
				824F3B121EDE2AF3000FC8CC /* Assets.xcassets in Resources */,
				824F3B0D1EDE2AF3000FC8CC /* Main.storyboard in Resources */,
			);
			runOnlyForDeploymentPostprocessing = 0;
		};
/* End PBXResourcesBuildPhase section */

/* Begin PBXSourcesBuildPhase section */
		824F3B001EDE2AF3000FC8CC /* Sources */ = {
			isa = PBXSourcesBuildPhase;
			buildActionMask = 2147483647;
			files = (
				824F3B101EDE2AF3000FC8CC /* HitList.xcdatamodeld in Sources */,
				824F3B0A1EDE2AF3000FC8CC /* ViewController.swift in Sources */,
				824F3B081EDE2AF3000FC8CC /* AppDelegate.swift in Sources */,
			);
			runOnlyForDeploymentPostprocessing = 0;
		};
/* End PBXSourcesBuildPhase section */

/* Begin PBXVariantGroup section */
		824F3B0B1EDE2AF3000FC8CC /* Main.storyboard */ = {
			isa = PBXVariantGroup;
			children = (
				824F3B0C1EDE2AF3000FC8CC /* Base */,
			);
			name = Main.storyboard;
			sourceTree = "<group>";
		};
		824F3B131EDE2AF3000FC8CC /* LaunchScreen.storyboard */ = {
			isa = PBXVariantGroup;
			children = (
				824F3B141EDE2AF3000FC8CC /* Base */,
			);
			name = LaunchScreen.storyboard;
			sourceTree = "<group>";
		};
/* End PBXVariantGroup section */

/* Begin XCBuildConfiguration section */
		824F3B171EDE2AF3000FC8CC /* Debug */ = {
			isa = XCBuildConfiguration;
			buildSettings = {
				ALWAYS_SEARCH_USER_PATHS = NO;
				CLANG_ANALYZER_NONNULL = YES;
				CLANG_ANALYZER_NUMBER_OBJECT_CONVERSION = YES_AGGRESSIVE;
				CLANG_CXX_LANGUAGE_STANDARD = "gnu++0x";
				CLANG_CXX_LIBRARY = "libc++";
				CLANG_ENABLE_MODULES = YES;
				CLANG_ENABLE_OBJC_ARC = YES;
				CLANG_WARN_BOOL_CONVERSION = YES;
				CLANG_WARN_CONSTANT_CONVERSION = YES;
				CLANG_WARN_DIRECT_OBJC_ISA_USAGE = YES_ERROR;
				CLANG_WARN_DOCUMENTATION_COMMENTS = YES;
				CLANG_WARN_EMPTY_BODY = YES;
				CLANG_WARN_ENUM_CONVERSION = YES;
				CLANG_WARN_INFINITE_RECURSION = YES;
				CLANG_WARN_INT_CONVERSION = YES;
				CLANG_WARN_OBJC_ROOT_CLASS = YES_ERROR;
				CLANG_WARN_SUSPICIOUS_MOVE = YES;
				CLANG_WARN_UNREACHABLE_CODE = YES;
				CLANG_WARN__DUPLICATE_METHOD_MATCH = YES;
				"CODE_SIGN_IDENTITY[sdk=iphoneos*]" = "iPhone Developer";
				COPY_PHASE_STRIP = NO;
				DEBUG_INFORMATION_FORMAT = dwarf;
				ENABLE_STRICT_OBJC_MSGSEND = YES;
				ENABLE_TESTABILITY = YES;
				GCC_C_LANGUAGE_STANDARD = gnu99;
				GCC_DYNAMIC_NO_PIC = NO;
				GCC_NO_COMMON_BLOCKS = YES;
				GCC_OPTIMIZATION_LEVEL = 0;
				GCC_PREPROCESSOR_DEFINITIONS = (
					"DEBUG=1",
					"$(inherited)",
				);
				GCC_WARN_64_TO_32_BIT_CONVERSION = YES;
				GCC_WARN_ABOUT_RETURN_TYPE = YES_ERROR;
				GCC_WARN_UNDECLARED_SELECTOR = YES;
				GCC_WARN_UNINITIALIZED_AUTOS = YES_AGGRESSIVE;
				GCC_WARN_UNUSED_FUNCTION = YES;
				GCC_WARN_UNUSED_VARIABLE = YES;
				IPHONEOS_DEPLOYMENT_TARGET = 10.3;
				MTL_ENABLE_DEBUG_INFO = YES;
				ONLY_ACTIVE_ARCH = YES;
				SDKROOT = iphoneos;
				SWIFT_ACTIVE_COMPILATION_CONDITIONS = DEBUG;
				SWIFT_OPTIMIZATION_LEVEL = "-Onone";
			};
			name = Debug;
		};
		824F3B181EDE2AF3000FC8CC /* Release */ = {
			isa = XCBuildConfiguration;
			buildSettings = {
				ALWAYS_SEARCH_USER_PATHS = NO;
				CLANG_ANALYZER_NONNULL = YES;
				CLANG_ANALYZER_NUMBER_OBJECT_CONVERSION = YES_AGGRESSIVE;
				CLANG_CXX_LANGUAGE_STANDARD = "gnu++0x";
				CLANG_CXX_LIBRARY = "libc++";
				CLANG_ENABLE_MODULES = YES;
				CLANG_ENABLE_OBJC_ARC = YES;
				CLANG_WARN_BOOL_CONVERSION = YES;
				CLANG_WARN_CONSTANT_CONVERSION = YES;
				CLANG_WARN_DIRECT_OBJC_ISA_USAGE = YES_ERROR;
				CLANG_WARN_DOCUMENTATION_COMMENTS = YES;
				CLANG_WARN_EMPTY_BODY = YES;
				CLANG_WARN_ENUM_CONVERSION = YES;
				CLANG_WARN_INFINITE_RECURSION = YES;
				CLANG_WARN_INT_CONVERSION = YES;
				CLANG_WARN_OBJC_ROOT_CLASS = YES_ERROR;
				CLANG_WARN_SUSPICIOUS_MOVE = YES;
				CLANG_WARN_UNREACHABLE_CODE = YES;
				CLANG_WARN__DUPLICATE_METHOD_MATCH = YES;
				"CODE_SIGN_IDENTITY[sdk=iphoneos*]" = "iPhone Developer";
				COPY_PHASE_STRIP = NO;
				DEBUG_INFORMATION_FORMAT = "dwarf-with-dsym";
				ENABLE_NS_ASSERTIONS = NO;
				ENABLE_STRICT_OBJC_MSGSEND = YES;
				GCC_C_LANGUAGE_STANDARD = gnu99;
				GCC_NO_COMMON_BLOCKS = YES;
				GCC_WARN_64_TO_32_BIT_CONVERSION = YES;
				GCC_WARN_ABOUT_RETURN_TYPE = YES_ERROR;
				GCC_WARN_UNDECLARED_SELECTOR = YES;
				GCC_WARN_UNINITIALIZED_AUTOS = YES_AGGRESSIVE;
				GCC_WARN_UNUSED_FUNCTION = YES;
				GCC_WARN_UNUSED_VARIABLE = YES;
				IPHONEOS_DEPLOYMENT_TARGET = 10.3;
				MTL_ENABLE_DEBUG_INFO = NO;
				SDKROOT = iphoneos;
				SWIFT_OPTIMIZATION_LEVEL = "-Owholemodule";
				VALIDATE_PRODUCT = YES;
			};
			name = Release;
		};
		824F3B1A1EDE2AF3000FC8CC /* Debug */ = {
			isa = XCBuildConfiguration;
			buildSettings = {
				ASSETCATALOG_COMPILER_APPICON_NAME = AppIcon;
				DEVELOPMENT_TEAM = TR2MLK3WQ4;
				INFOPLIST_FILE = HitList/Info.plist;
				LD_RUNPATH_SEARCH_PATHS = "$(inherited) @executable_path/Frameworks";
				PRODUCT_BUNDLE_IDENTIFIER = Taylor.HitList;
				PRODUCT_NAME = "$(TARGET_NAME)";
				SWIFT_VERSION = 3.0;
			};
			name = Debug;
		};
		824F3B1B1EDE2AF3000FC8CC /* Release */ = {
			isa = XCBuildConfiguration;
			buildSettings = {
				ASSETCATALOG_COMPILER_APPICON_NAME = AppIcon;
				DEVELOPMENT_TEAM = TR2MLK3WQ4;
				INFOPLIST_FILE = HitList/Info.plist;
				LD_RUNPATH_SEARCH_PATHS = "$(inherited) @executable_path/Frameworks";
				PRODUCT_BUNDLE_IDENTIFIER = Taylor.HitList;
				PRODUCT_NAME = "$(TARGET_NAME)";
				SWIFT_VERSION = 3.0;
			};
			name = Release;
		};
/* End XCBuildConfiguration section */

/* Begin XCConfigurationList section */
		824F3AFF1EDE2AF2000FC8CC /* Build configuration list for PBXProject "HitList" */ = {
			isa = XCConfigurationList;
			buildConfigurations = (
				824F3B171EDE2AF3000FC8CC /* Debug */,
				824F3B181EDE2AF3000FC8CC /* Release */,
			);
			defaultConfigurationIsVisible = 0;
			defaultConfigurationName = Release;
		};
		824F3B191EDE2AF3000FC8CC /* Build configuration list for PBXNativeTarget "HitList" */ = {
			isa = XCConfigurationList;
			buildConfigurations = (
				824F3B1A1EDE2AF3000FC8CC /* Debug */,
				824F3B1B1EDE2AF3000FC8CC /* Release */,
			);
			defaultConfigurationIsVisible = 0;
		};
/* End XCConfigurationList section */

/* Begin XCVersionGroup section */
		824F3B0E1EDE2AF3000FC8CC /* HitList.xcdatamodeld */ = {
			isa = XCVersionGroup;
			children = (
				824F3B0F1EDE2AF3000FC8CC /* HitList.xcdatamodel */,
			);
			currentVersion = 824F3B0F1EDE2AF3000FC8CC /* HitList.xcdatamodel */;
			path = HitList.xcdatamodeld;
			sourceTree = "<group>";
			versionGroupType = wrapper.xcdatamodel;
		};
/* End XCVersionGroup section */
	};
	rootObject = 824F3AFC1EDE2AF2000FC8CC /* Project object */;
}
